
Microsoft Visual Studio Solution File, Format Version 12.00
# Visual Studio Version 17
VisualStudioVersion = 17.9.34728.123
MinimumVisualStudioVersion = 10.0.40219.1
Project("{9A19103F-16F7-4668-BE54-9A1E7A4F7556}") = "30321_Barkovskaya.UI", "30321_Barkovskaya.UI\30321_Barkovskaya.UI.csproj", "{17300B40-4DCB-4248-B215-F363CD682E0D}"
EndProject
Project("{9A19103F-16F7-4668-BE54-9A1E7A4F7556}") = "30321_BarkovskayaDomain", "30321_BarkovskayaDomain\30321_BarkovskayaDomain.csproj", "{C0131FDB-DF39-4AB6-847F-054A97D6BBD9}"
EndProject
Project("{9A19103F-16F7-4668-BE54-9A1E7A4F7556}") = "30321_Barkovskaya_API", "30321_Barkovskaya_API\30321_Barkovskaya_API.csproj", "{E816F11B-1385-43C0-B13D-B3BAD607F3A4}"
EndProject
Project("{FAE04EC0-301F-11D3-BF4B-00C04F79EFBC}") = "Blazor30321", "Blazor30321\Blazor30321.csproj", "{09C31F26-20E7-4A83-91D0-1E235C14ED2C}"
EndProject
Global
	GlobalSection(SolutionConfigurationPlatforms) = preSolution
		Debug|Any CPU = Debug|Any CPU
		Release|Any CPU = Release|Any CPU
	EndGlobalSection
	GlobalSection(ProjectConfigurationPlatforms) = postSolution
		{17300B40-4DCB-4248-B215-F363CD682E0D}.Debug|Any CPU.ActiveCfg = Debug|Any CPU
		{17300B40-4DCB-4248-B215-F363CD682E0D}.Debug|Any CPU.Build.0 = Debug|Any CPU
		{17300B40-4DCB-4248-B215-F363CD682E0D}.Release|Any CPU.ActiveCfg = Release|Any CPU
		{17300B40-4DCB-4248-B215-F363CD682E0D}.Release|Any CPU.Build.0 = Release|Any CPU
		{C0131FDB-DF39-4AB6-847F-054A97D6BBD9}.Debug|Any CPU.ActiveCfg = Debug|Any CPU
		{C0131FDB-DF39-4AB6-847F-054A97D6BBD9}.Debug|Any CPU.Build.0 = Debug|Any CPU
		{C0131FDB-DF39-4AB6-847F-054A97D6BBD9}.Release|Any CPU.ActiveCfg = Release|Any CPU
		{C0131FDB-DF39-4AB6-847F-054A97D6BBD9}.Release|Any CPU.Build.0 = Release|Any CPU
		{E816F11B-1385-43C0-B13D-B3BAD607F3A4}.Debug|Any CPU.ActiveCfg = Debug|Any CPU
		{E816F11B-1385-43C0-B13D-B3BAD607F3A4}.Debug|Any CPU.Build.0 = Debug|Any CPU
		{E816F11B-1385-43C0-B13D-B3BAD607F3A4}.Release|Any CPU.ActiveCfg = Release|Any CPU
		{E816F11B-1385-43C0-B13D-B3BAD607F3A4}.Release|Any CPU.Build.0 = Release|Any CPU
		{09C31F26-20E7-4A83-91D0-1E235C14ED2C}.Debug|Any CPU.ActiveCfg = Debug|Any CPU
		{09C31F26-20E7-4A83-91D0-1E235C14ED2C}.Debug|Any CPU.Build.0 = Debug|Any CPU
		{09C31F26-20E7-4A83-91D0-1E235C14ED2C}.Release|Any CPU.ActiveCfg = Release|Any CPU
		{09C31F26-20E7-4A83-91D0-1E235C14ED2C}.Release|Any CPU.Build.0 = Release|Any CPU
	EndGlobalSection
	GlobalSection(SolutionProperties) = preSolution
		HideSolutionNode = FALSE
	EndGlobalSection
	GlobalSection(ExtensibilityGlobals) = postSolution
		SolutionGuid = {95A72D8A-F4CF-4705-90EA-CDBD1BD60804}
	EndGlobalSection
EndGlobal
